
Microsoft Visual Studio Solution File, Format Version 12.00
# Visual Studio 15
VisualStudioVersion = 15.0.27004.2009
MinimumVisualStudioVersion = 10.0.40219.1
Project("{FAE04EC0-301F-11D3-BF4B-00C04F79EFBC}") = "EconSimVisual", "EconSimVisual\EconSimVisual.csproj", "{1FCCCD49-99F5-4386-82E7-F4A2DC32A19B}"
EndProject
Global
	GlobalSection(SolutionConfigurationPlatforms) = preSolution
		Debug|Any CPU = Debug|Any CPU
		Release|Any CPU = Release|Any CPU
	EndGlobalSection
	GlobalSection(ProjectConfigurationPlatforms) = postSolution
		{1FCCCD49-99F5-4386-82E7-F4A2DC32A19B}.Debug|Any CPU.ActiveCfg = Debug|Any CPU
		{1FCCCD49-99F5-4386-82E7-F4A2DC32A19B}.Debug|Any CPU.Build.0 = Debug|Any CPU
		{1FCCCD49-99F5-4386-82E7-F4A2DC32A19B}.Release|Any CPU.ActiveCfg = Release|Any CPU
		{1FCCCD49-99F5-4386-82E7-F4A2DC32A19B}.Release|Any CPU.Build.0 = Release|Any CPU
	EndGlobalSection
	GlobalSection(SolutionProperties) = preSolution
		HideSolutionNode = FALSE
	EndGlobalSection
	GlobalSection(ExtensibilityGlobals) = postSolution
		SolutionGuid = {F4B92A5F-1321-4C66-BBE8-500E7DF49E52}
	EndGlobalSection
EndGlobal
